// !$*UTF8*$!
{
	archiveVersion = 1;
	classes = {
	};
	objectVersion = 46;
	objects = {

/* Begin PBXBuildFile section */
		0704EEF20D925671F8BF13EB /* Pods.framework in Frameworks */ = {isa = PBXBuildFile; fileRef = 5FAB4A30970C6668B692FBBB /* Pods.framework */; };
		A254041A1BDE0C63006721BC /* AppDelegate.swift in Sources */ = {isa = PBXBuildFile; fileRef = A25404191BDE0C63006721BC /* AppDelegate.swift */; };
		A25404211BDE0C63006721BC /* Assets.xcassets in Resources */ = {isa = PBXBuildFile; fileRef = A25404201BDE0C63006721BC /* Assets.xcassets */; };
		A28668B21BE121C800839314 /* ABNetworkTools.swift in Sources */ = {isa = PBXBuildFile; fileRef = A28668B11BE121C800839314 /* ABNetworkTools.swift */; settings = {ASSET_TAGS = (); }; };
		A2B9E9BE1BE1054A00F5D8EE /* ABOAuthViewController.swift in Sources */ = {isa = PBXBuildFile; fileRef = A2B9E9BD1BE1054A00F5D8EE /* ABOAuthViewController.swift */; settings = {ASSET_TAGS = (); }; };
		A2E2DE681BDE7F4800C3B598 /* ABVisitorView.swift in Sources */ = {isa = PBXBuildFile; fileRef = A2E2DE671BDE7F4800C3B598 /* ABVisitorView.swift */; settings = {ASSET_TAGS = (); }; };
		A2E2DE6C1BDE959900C3B598 /* ABBaseTableViewController.swift in Sources */ = {isa = PBXBuildFile; fileRef = A2E2DE6B1BDE959900C3B598 /* ABBaseTableViewController.swift */; settings = {ASSET_TAGS = (); }; };
		A2E2DE6E1BDEA0BB00C3B598 /* ABMainTabBar.swift in Sources */ = {isa = PBXBuildFile; fileRef = A2E2DE6D1BDEA0BB00C3B598 /* ABMainTabBar.swift */; settings = {ASSET_TAGS = (); }; };
		A2FBB3621BDE49D300E1726D /* ABMainTabBarController.swift in Sources */ = {isa = PBXBuildFile; fileRef = A2FBB3611BDE49D300E1726D /* ABMainTabBarController.swift */; settings = {ASSET_TAGS = (); }; };
		A2FBB3641BDE4B1B00E1726D /* ABHomeViewController.swift in Sources */ = {isa = PBXBuildFile; fileRef = A2FBB3631BDE4B1B00E1726D /* ABHomeViewController.swift */; settings = {ASSET_TAGS = (); }; };
		A2FBB3661BDE4B3400E1726D /* ABMessageViewController.swift in Sources */ = {isa = PBXBuildFile; fileRef = A2FBB3651BDE4B3400E1726D /* ABMessageViewController.swift */; settings = {ASSET_TAGS = (); }; };
		A2FBB3681BDE4B4C00E1726D /* ABDiscoverViewController.swift in Sources */ = {isa = PBXBuildFile; fileRef = A2FBB3671BDE4B4C00E1726D /* ABDiscoverViewController.swift */; settings = {ASSET_TAGS = (); }; };
		A2FBB36A1BDE4B6000E1726D /* ABProfileViewController.swift in Sources */ = {isa = PBXBuildFile; fileRef = A2FBB3691BDE4B6000E1726D /* ABProfileViewController.swift */; settings = {ASSET_TAGS = (); }; };
/* End PBXBuildFile section */

/* Begin PBXFileReference section */
		5FAB4A30970C6668B692FBBB /* Pods.framework */ = {isa = PBXFileReference; explicitFileType = wrapper.framework; includeInIndex = 0; path = Pods.framework; sourceTree = BUILT_PRODUCTS_DIR; };
		99A4C844083BF8500C643C4D /* Pods.release.xcconfig */ = {isa = PBXFileReference; includeInIndex = 1; lastKnownFileType = text.xcconfig; name = Pods.release.xcconfig; path = "Pods/Target Support Files/Pods/Pods.release.xcconfig"; sourceTree = "<group>"; };
		A25404161BDE0C63006721BC /* microblog.app */ = {isa = PBXFileReference; explicitFileType = wrapper.application; includeInIndex = 0; path = microblog.app; sourceTree = BUILT_PRODUCTS_DIR; };
		A25404191BDE0C63006721BC /* AppDelegate.swift */ = {isa = PBXFileReference; lastKnownFileType = sourcecode.swift; path = AppDelegate.swift; sourceTree = "<group>"; };
		A25404201BDE0C63006721BC /* Assets.xcassets */ = {isa = PBXFileReference; lastKnownFileType = folder.assetcatalog; path = Assets.xcassets; sourceTree = "<group>"; };
		A25404251BDE0C63006721BC /* Info.plist */ = {isa = PBXFileReference; lastKnownFileType = text.plist.xml; path = Info.plist; sourceTree = "<group>"; };
		A28668B11BE121C800839314 /* ABNetworkTools.swift */ = {isa = PBXFileReference; fileEncoding = 4; lastKnownFileType = sourcecode.swift; path = ABNetworkTools.swift; sourceTree = "<group>"; };
		A2B9E9BD1BE1054A00F5D8EE /* ABOAuthViewController.swift */ = {isa = PBXFileReference; fileEncoding = 4; lastKnownFileType = sourcecode.swift; path = ABOAuthViewController.swift; sourceTree = "<group>"; };
		A2E2DE671BDE7F4800C3B598 /* ABVisitorView.swift */ = {isa = PBXFileReference; fileEncoding = 4; lastKnownFileType = sourcecode.swift; path = ABVisitorView.swift; sourceTree = "<group>"; };
		A2E2DE6B1BDE959900C3B598 /* ABBaseTableViewController.swift */ = {isa = PBXFileReference; fileEncoding = 4; lastKnownFileType = sourcecode.swift; path = ABBaseTableViewController.swift; sourceTree = "<group>"; };
		A2E2DE6D1BDEA0BB00C3B598 /* ABMainTabBar.swift */ = {isa = PBXFileReference; fileEncoding = 4; lastKnownFileType = sourcecode.swift; path = ABMainTabBar.swift; sourceTree = "<group>"; };
		A2FBB3611BDE49D300E1726D /* ABMainTabBarController.swift */ = {isa = PBXFileReference; fileEncoding = 4; lastKnownFileType = sourcecode.swift; path = ABMainTabBarController.swift; sourceTree = "<group>"; };
		A2FBB3631BDE4B1B00E1726D /* ABHomeViewController.swift */ = {isa = PBXFileReference; fileEncoding = 4; lastKnownFileType = sourcecode.swift; path = ABHomeViewController.swift; sourceTree = "<group>"; };
		A2FBB3651BDE4B3400E1726D /* ABMessageViewController.swift */ = {isa = PBXFileReference; fileEncoding = 4; lastKnownFileType = sourcecode.swift; path = ABMessageViewController.swift; sourceTree = "<group>"; };
		A2FBB3671BDE4B4C00E1726D /* ABDiscoverViewController.swift */ = {isa = PBXFileReference; fileEncoding = 4; lastKnownFileType = sourcecode.swift; path = ABDiscoverViewController.swift; sourceTree = "<group>"; };
		A2FBB3691BDE4B6000E1726D /* ABProfileViewController.swift */ = {isa = PBXFileReference; fileEncoding = 4; lastKnownFileType = sourcecode.swift; path = ABProfileViewController.swift; sourceTree = "<group>"; };
		AEFB36B8E9EC3CD60E5B7475 /* Pods.debug.xcconfig */ = {isa = PBXFileReference; includeInIndex = 1; lastKnownFileType = text.xcconfig; name = Pods.debug.xcconfig; path = "Pods/Target Support Files/Pods/Pods.debug.xcconfig"; sourceTree = "<group>"; };
/* End PBXFileReference section */

/* Begin PBXFrameworksBuildPhase section */
		A25404131BDE0C63006721BC /* Frameworks */ = {
			isa = PBXFrameworksBuildPhase;
			buildActionMask = 2147483647;
			files = (
				0704EEF20D925671F8BF13EB /* Pods.framework in Frameworks */,
			);
			runOnlyForDeploymentPostprocessing = 0;
		};
/* End PBXFrameworksBuildPhase section */

/* Begin PBXGroup section */
		49ED21E9E73E9B4C2F94BA68 /* Pods */ = {
			isa = PBXGroup;
			children = (
				AEFB36B8E9EC3CD60E5B7475 /* Pods.debug.xcconfig */,
				99A4C844083BF8500C643C4D /* Pods.release.xcconfig */,
			);
			name = Pods;
			sourceTree = "<group>";
		};
		A254040D1BDE0C63006721BC = {
			isa = PBXGroup;
			children = (
				A25404181BDE0C63006721BC /* microblog */,
				A25404171BDE0C63006721BC /* Products */,
				49ED21E9E73E9B4C2F94BA68 /* Pods */,
				A965EE65A5AD4975EABD5010 /* Frameworks */,
			);
			sourceTree = "<group>";
		};
		A25404171BDE0C63006721BC /* Products */ = {
			isa = PBXGroup;
			children = (
				A25404161BDE0C63006721BC /* microblog.app */,
			);
			name = Products;
			sourceTree = "<group>";
		};
		A25404181BDE0C63006721BC /* microblog */ = {
			isa = PBXGroup;
			children = (
				A25404191BDE0C63006721BC /* AppDelegate.swift */,
				A2FBB3451BDE434900E1726D /* Classes */,
				A25404201BDE0C63006721BC /* Assets.xcassets */,
				A25404251BDE0C63006721BC /* Info.plist */,
			);
			path = microblog;
			sourceTree = "<group>";
		};
		A2B9E9BB1BE0B0AB00F5D8EE /* OAuth【授权】 */ = {
			isa = PBXGroup;
			children = (
				A2B9E9BC1BE0B0AB00F5D8EE /* Controller */,
			);
			name = "OAuth【授权】";
			path = OAuth;
			sourceTree = "<group>";
		};
		A2B9E9BC1BE0B0AB00F5D8EE /* Controller */ = {
			isa = PBXGroup;
			children = (
				A2B9E9BD1BE1054A00F5D8EE /* ABOAuthViewController.swift */,
			);
			path = Controller;
			sourceTree = "<group>";
		};
		A2FBB3451BDE434900E1726D /* Classes */ = {
			isa = PBXGroup;
			children = (
				A2FBB3461BDE434900E1726D /* Extension【扩展】 */,
				A2FBB3471BDE434900E1726D /* Library【第三方框架】 */,
				A2FBB3481BDE434900E1726D /* Model【全局模型】 */,
				A2FBB3491BDE434900E1726D /* Module【项目模块】 */,
				A2FBB35E1BDE434900E1726D /* Tool【工具类】 */,
			);
			path = Classes;
			sourceTree = "<group>";
		};
		A2FBB3461BDE434900E1726D /* Extension【扩展】 */ = {
			isa = PBXGroup;
			children = (
			);
			name = "Extension【扩展】";
			path = Extension;
			sourceTree = "<group>";
		};
		A2FBB3471BDE434900E1726D /* Library【第三方框架】 */ = {
			isa = PBXGroup;
			children = (
			);
			name = "Library【第三方框架】";
			path = Library;
			sourceTree = "<group>";
		};
		A2FBB3481BDE434900E1726D /* Model【全局模型】 */ = {
			isa = PBXGroup;
			children = (
			);
			name = "Model【全局模型】";
			path = Model;
			sourceTree = "<group>";
		};
		A2FBB3491BDE434900E1726D /* Module【项目模块】 */ = {
			isa = PBXGroup;
			children = (
				A2B9E9BB1BE0B0AB00F5D8EE /* OAuth【授权】 */,
				A2FBB3521BDE434900E1726D /* Main【主要】 */,
				A2FBB34E1BDE434900E1726D /* Home【主页】 */,
				A2FBB3561BDE434900E1726D /* Message【信息】 */,
				A2FBB34A1BDE434900E1726D /* Discover【发现】 */,
				A2FBB35A1BDE434900E1726D /* Profile【我】 */,
			);
			name = "Module【项目模块】";
			path = Module;
			sourceTree = "<group>";
		};
		A2FBB34A1BDE434900E1726D /* Discover【发现】 */ = {
			isa = PBXGroup;
			children = (
				A2FBB34B1BDE434900E1726D /* Controller */,
				A2FBB34C1BDE434900E1726D /* Model */,
				A2FBB34D1BDE434900E1726D /* View */,
			);
			name = "Discover【发现】";
			path = Discover;
			sourceTree = "<group>";
		};
		A2FBB34B1BDE434900E1726D /* Controller */ = {
			isa = PBXGroup;
			children = (
				A2FBB3671BDE4B4C00E1726D /* ABDiscoverViewController.swift */,
			);
			path = Controller;
			sourceTree = "<group>";
		};
		A2FBB34C1BDE434900E1726D /* Model */ = {
			isa = PBXGroup;
			children = (
			);
			path = Model;
			sourceTree = "<group>";
		};
		A2FBB34D1BDE434900E1726D /* View */ = {
			isa = PBXGroup;
			children = (
			);
			path = View;
			sourceTree = "<group>";
		};
		A2FBB34E1BDE434900E1726D /* Home【主页】 */ = {
			isa = PBXGroup;
			children = (
				A2FBB34F1BDE434900E1726D /* Controller */,
				A2FBB3501BDE434900E1726D /* Model */,
				A2FBB3511BDE434900E1726D /* View */,
			);
			name = "Home【主页】";
			path = Home;
			sourceTree = "<group>";
		};
		A2FBB34F1BDE434900E1726D /* Controller */ = {
			isa = PBXGroup;
			children = (
				A2FBB3631BDE4B1B00E1726D /* ABHomeViewController.swift */,
			);
			path = Controller;
			sourceTree = "<group>";
		};
		A2FBB3501BDE434900E1726D /* Model */ = {
			isa = PBXGroup;
			children = (
			);
			path = Model;
			sourceTree = "<group>";
		};
		A2FBB3511BDE434900E1726D /* View */ = {
			isa = PBXGroup;
			children = (
			);
			path = View;
			sourceTree = "<group>";
		};
		A2FBB3521BDE434900E1726D /* Main【主要】 */ = {
			isa = PBXGroup;
			children = (
				A2FBB3531BDE434900E1726D /* Controller */,
				A2FBB3541BDE434900E1726D /* Model */,
				A2FBB3551BDE434900E1726D /* View */,
			);
			name = "Main【主要】";
			path = Main;
			sourceTree = "<group>";
		};
		A2FBB3531BDE434900E1726D /* Controller */ = {
			isa = PBXGroup;
			children = (
				A2FBB3611BDE49D300E1726D /* ABMainTabBarController.swift */,
				A2E2DE6B1BDE959900C3B598 /* ABBaseTableViewController.swift */,
			);
			path = Controller;
			sourceTree = "<group>";
		};
		A2FBB3541BDE434900E1726D /* Model */ = {
			isa = PBXGroup;
			children = (
			);
			path = Model;
			sourceTree = "<group>";
		};
		A2FBB3551BDE434900E1726D /* View */ = {
			isa = PBXGroup;
			children = (
				A2E2DE671BDE7F4800C3B598 /* ABVisitorView.swift */,
				A2E2DE6D1BDEA0BB00C3B598 /* ABMainTabBar.swift */,
			);
			path = View;
			sourceTree = "<group>";
		};
		A2FBB3561BDE434900E1726D /* Message【信息】 */ = {
			isa = PBXGroup;
			children = (
				A2FBB3571BDE434900E1726D /* Controller */,
				A2FBB3581BDE434900E1726D /* Model */,
				A2FBB3591BDE434900E1726D /* View */,
			);
			name = "Message【信息】";
			path = Message;
			sourceTree = "<group>";
		};
		A2FBB3571BDE434900E1726D /* Controller */ = {
			isa = PBXGroup;
			children = (
				A2FBB3651BDE4B3400E1726D /* ABMessageViewController.swift */,
			);
			path = Controller;
			sourceTree = "<group>";
		};
		A2FBB3581BDE434900E1726D /* Model */ = {
			isa = PBXGroup;
			children = (
			);
			path = Model;
			sourceTree = "<group>";
		};
		A2FBB3591BDE434900E1726D /* View */ = {
			isa = PBXGroup;
			children = (
			);
			path = View;
			sourceTree = "<group>";
		};
		A2FBB35A1BDE434900E1726D /* Profile【我】 */ = {
			isa = PBXGroup;
			children = (
				A2FBB35B1BDE434900E1726D /* Controller */,
				A2FBB35C1BDE434900E1726D /* Model */,
				A2FBB35D1BDE434900E1726D /* View */,
			);
			name = "Profile【我】";
			path = Profile;
			sourceTree = "<group>";
		};
		A2FBB35B1BDE434900E1726D /* Controller */ = {
			isa = PBXGroup;
			children = (
				A2FBB3691BDE4B6000E1726D /* ABProfileViewController.swift */,
			);
			path = Controller;
			sourceTree = "<group>";
		};
		A2FBB35C1BDE434900E1726D /* Model */ = {
			isa = PBXGroup;
			children = (
			);
			path = Model;
			sourceTree = "<group>";
		};
		A2FBB35D1BDE434900E1726D /* View */ = {
			isa = PBXGroup;
			children = (
			);
			path = View;
			sourceTree = "<group>";
		};
		A2FBB35E1BDE434900E1726D /* Tool【工具类】 */ = {
			isa = PBXGroup;
			children = (
				A28668B11BE121C800839314 /* ABNetworkTools.swift */,
			);
			name = "Tool【工具类】";
			path = Tool;
			sourceTree = "<group>";
		};
		A965EE65A5AD4975EABD5010 /* Frameworks */ = {
			isa = PBXGroup;
			children = (
				5FAB4A30970C6668B692FBBB /* Pods.framework */,
			);
			name = Frameworks;
			sourceTree = "<group>";
		};
/* End PBXGroup section */

/* Begin PBXNativeTarget section */
		A25404151BDE0C63006721BC /* microblog */ = {
			isa = PBXNativeTarget;
			buildConfigurationList = A25404281BDE0C63006721BC /* Build configuration list for PBXNativeTarget "microblog" */;
			buildPhases = (
				6D47F4FACD4A89ACF201802D /* Check Pods Manifest.lock */,
				A25404121BDE0C63006721BC /* Sources */,
				A25404131BDE0C63006721BC /* Frameworks */,
				A25404141BDE0C63006721BC /* Resources */,
				1BCDB3E72AF36F64F3CB0769 /* Embed Pods Frameworks */,
				CCEA992ED85643E9AF11D38A /* Copy Pods Resources */,
			);
			buildRules = (
			);
			dependencies = (
			);
			name = microblog;
			productName = microblog;
			productReference = A25404161BDE0C63006721BC /* microblog.app */;
			productType = "com.apple.product-type.application";
		};
/* End PBXNativeTarget section */

/* Begin PBXProject section */
		A254040E1BDE0C63006721BC /* Project object */ = {
			isa = PBXProject;
			attributes = {
				CLASSPREFIX = AB;
				LastUpgradeCheck = 0700;
				ORGANIZATIONNAME = anbo;
				TargetAttributes = {
					A25404151BDE0C63006721BC = {
						CreatedOnToolsVersion = 7.0.1;
						DevelopmentTeam = XS387R3LQU;
					};
				};
			};
			buildConfigurationList = A25404111BDE0C63006721BC /* Build configuration list for PBXProject "microblog" */;
			compatibilityVersion = "Xcode 3.2";
			developmentRegion = English;
			hasScannedForEncodings = 0;
			knownRegions = (
				en,
				Base,
			);
			mainGroup = A254040D1BDE0C63006721BC;
			productRefGroup = A25404171BDE0C63006721BC /* Products */;
			projectDirPath = "";
			projectRoot = "";
			targets = (
				A25404151BDE0C63006721BC /* microblog */,
			);
		};
/* End PBXProject section */

/* Begin PBXResourcesBuildPhase section */
		A25404141BDE0C63006721BC /* Resources */ = {
			isa = PBXResourcesBuildPhase;
			buildActionMask = 2147483647;
			files = (
				A25404211BDE0C63006721BC /* Assets.xcassets in Resources */,
			);
			runOnlyForDeploymentPostprocessing = 0;
		};
/* End PBXResourcesBuildPhase section */

/* Begin PBXShellScriptBuildPhase section */
		1BCDB3E72AF36F64F3CB0769 /* Embed Pods Frameworks */ = {
			isa = PBXShellScriptBuildPhase;
			buildActionMask = 2147483647;
			files = (
			);
			inputPaths = (
			);
			name = "Embed Pods Frameworks";
			outputPaths = (
			);
			runOnlyForDeploymentPostprocessing = 0;
			shellPath = /bin/sh;
			shellScript = "\"${SRCROOT}/Pods/Target Support Files/Pods/Pods-frameworks.sh\"\n";
			showEnvVarsInLog = 0;
		};
		6D47F4FACD4A89ACF201802D /* Check Pods Manifest.lock */ = {
			isa = PBXShellScriptBuildPhase;
			buildActionMask = 2147483647;
			files = (
			);
			inputPaths = (
			);
			name = "Check Pods Manifest.lock";
			outputPaths = (
			);
			runOnlyForDeploymentPostprocessing = 0;
			shellPath = /bin/sh;
			shellScript = "diff \"${PODS_ROOT}/../Podfile.lock\" \"${PODS_ROOT}/Manifest.lock\" > /dev/null\nif [[ $? != 0 ]] ; then\n    cat << EOM\nerror: The sandbox is not in sync with the Podfile.lock. Run 'pod install' or update your CocoaPods installation.\nEOM\n    exit 1\nfi\n";
			showEnvVarsInLog = 0;
		};
		CCEA992ED85643E9AF11D38A /* Copy Pods Resources */ = {
			isa = PBXShellScriptBuildPhase;
			buildActionMask = 2147483647;
			files = (
			);
			inputPaths = (
			);
			name = "Copy Pods Resources";
			outputPaths = (
			);
			runOnlyForDeploymentPostprocessing = 0;
			shellPath = /bin/sh;
			shellScript = "\"${SRCROOT}/Pods/Target Support Files/Pods/Pods-resources.sh\"\n";
			showEnvVarsInLog = 0;
		};
/* End PBXShellScriptBuildPhase section */

/* Begin PBXSourcesBuildPhase section */
		A25404121BDE0C63006721BC /* Sources */ = {
			isa = PBXSourcesBuildPhase;
			buildActionMask = 2147483647;
			files = (
				A2FBB3641BDE4B1B00E1726D /* ABHomeViewController.swift in Sources */,
				A2FBB36A1BDE4B6000E1726D /* ABProfileViewController.swift in Sources */,
				A254041A1BDE0C63006721BC /* AppDelegate.swift in Sources */,
				A2B9E9BE1BE1054A00F5D8EE /* ABOAuthViewController.swift in Sources */,
				A2E2DE681BDE7F4800C3B598 /* ABVisitorView.swift in Sources */,
				A2FBB3621BDE49D300E1726D /* ABMainTabBarController.swift in Sources */,
				A2FBB3681BDE4B4C00E1726D /* ABDiscoverViewController.swift in Sources */,
				A2FBB3661BDE4B3400E1726D /* ABMessageViewController.swift in Sources */,
				A2E2DE6E1BDEA0BB00C3B598 /* ABMainTabBar.swift in Sources */,
				A2E2DE6C1BDE959900C3B598 /* ABBaseTableViewController.swift in Sources */,
				A28668B21BE121C800839314 /* ABNetworkTools.swift in Sources */,
			);
			runOnlyForDeploymentPostprocessing = 0;
		};
/* End PBXSourcesBuildPhase section */

/* Begin XCBuildConfiguration section */
		A25404261BDE0C63006721BC /* Debug */ = {
			isa = XCBuildConfiguration;
			buildSettings = {
				ALWAYS_SEARCH_USER_PATHS = NO;
				CLANG_CXX_LANGUAGE_STANDARD = "gnu++0x";
				CLANG_CXX_LIBRARY = "libc++";
				CLANG_ENABLE_MODULES = YES;
				CLANG_ENABLE_OBJC_ARC = YES;
				CLANG_WARN_BOOL_CONVERSION = YES;
				CLANG_WARN_CONSTANT_CONVERSION = YES;
				CLANG_WARN_DIRECT_OBJC_ISA_USAGE = YES_ERROR;
				CLANG_WARN_EMPTY_BODY = YES;
				CLANG_WARN_ENUM_CONVERSION = YES;
				CLANG_WARN_INT_CONVERSION = YES;
				CLANG_WARN_OBJC_ROOT_CLASS = YES_ERROR;
				CLANG_WARN_UNREACHABLE_CODE = YES;
				CLANG_WARN__DUPLICATE_METHOD_MATCH = YES;
				"CODE_SIGN_IDENTITY[sdk=iphoneos*]" = "iPhone Developer";
				COPY_PHASE_STRIP = NO;
				DEBUG_INFORMATION_FORMAT = dwarf;
				ENABLE_STRICT_OBJC_MSGSEND = YES;
				ENABLE_TESTABILITY = YES;
				GCC_C_LANGUAGE_STANDARD = gnu99;
				GCC_DYNAMIC_NO_PIC = NO;
				GCC_NO_COMMON_BLOCKS = YES;
				GCC_OPTIMIZATION_LEVEL = 0;
				GCC_PREPROCESSOR_DEFINITIONS = (
					"DEBUG=1",
					"$(inherited)",
				);
				GCC_WARN_64_TO_32_BIT_CONVERSION = YES;
				GCC_WARN_ABOUT_RETURN_TYPE = YES_ERROR;
				GCC_WARN_UNDECLARED_SELECTOR = YES;
				GCC_WARN_UNINITIALIZED_AUTOS = YES_AGGRESSIVE;
				GCC_WARN_UNUSED_FUNCTION = YES;
				GCC_WARN_UNUSED_VARIABLE = YES;
				IPHONEOS_DEPLOYMENT_TARGET = 9.0;
				MTL_ENABLE_DEBUG_INFO = YES;
				ONLY_ACTIVE_ARCH = YES;
				SDKROOT = iphoneos;
				SWIFT_OPTIMIZATION_LEVEL = "-Onone";
				TARGETED_DEVICE_FAMILY = "1,2";
			};
			name = Debug;
		};
		A25404271BDE0C63006721BC /* Release */ = {
			isa = XCBuildConfiguration;
			buildSettings = {
				ALWAYS_SEARCH_USER_PATHS = NO;
				CLANG_CXX_LANGUAGE_STANDARD = "gnu++0x";
				CLANG_CXX_LIBRARY = "libc++";
				CLANG_ENABLE_MODULES = YES;
				CLANG_ENABLE_OBJC_ARC = YES;
				CLANG_WARN_BOOL_CONVERSION = YES;
				CLANG_WARN_CONSTANT_CONVERSION = YES;
				CLANG_WARN_DIRECT_OBJC_ISA_USAGE = YES_ERROR;
				CLANG_WARN_EMPTY_BODY = YES;
				CLANG_WARN_ENUM_CONVERSION = YES;
				CLANG_WARN_INT_CONVERSION = YES;
				CLANG_WARN_OBJC_ROOT_CLASS = YES_ERROR;
				CLANG_WARN_UNREACHABLE_CODE = YES;
				CLANG_WARN__DUPLICATE_METHOD_MATCH = YES;
				"CODE_SIGN_IDENTITY[sdk=iphoneos*]" = "iPhone Developer";
				COPY_PHASE_STRIP = NO;
				DEBUG_INFORMATION_FORMAT = "dwarf-with-dsym";
				ENABLE_NS_ASSERTIONS = NO;
				ENABLE_STRICT_OBJC_MSGSEND = YES;
				GCC_C_LANGUAGE_STANDARD = gnu99;
				GCC_NO_COMMON_BLOCKS = YES;
				GCC_WARN_64_TO_32_BIT_CONVERSION = YES;
				GCC_WARN_ABOUT_RETURN_TYPE = YES_ERROR;
				GCC_WARN_UNDECLARED_SELECTOR = YES;
				GCC_WARN_UNINITIALIZED_AUTOS = YES_AGGRESSIVE;
				GCC_WARN_UNUSED_FUNCTION = YES;
				GCC_WARN_UNUSED_VARIABLE = YES;
				IPHONEOS_DEPLOYMENT_TARGET = 9.0;
				MTL_ENABLE_DEBUG_INFO = NO;
				SDKROOT = iphoneos;
				TARGETED_DEVICE_FAMILY = "1,2";
				VALIDATE_PRODUCT = YES;
			};
			name = Release;
		};
		A25404291BDE0C63006721BC /* Debug */ = {
			isa = XCBuildConfiguration;
			baseConfigurationReference = AEFB36B8E9EC3CD60E5B7475 /* Pods.debug.xcconfig */;
			buildSettings = {
				ASSETCATALOG_COMPILER_APPICON_NAME = AppIcon;
				ASSETCATALOG_COMPILER_LAUNCHIMAGE_NAME = BrandAsset;
				INFOPLIST_FILE = microblog/Info.plist;
				IPHONEOS_DEPLOYMENT_TARGET = 8.0;
				LD_RUNPATH_SEARCH_PATHS = "$(inherited) @executable_path/Frameworks";
				PRODUCT_BUNDLE_IDENTIFIER = "anbo0123-126.com.microblog";
				PRODUCT_NAME = "$(TARGET_NAME)";
			};
			name = Debug;
		};
		A254042A1BDE0C63006721BC /* Release */ = {
			isa = XCBuildConfiguration;
			baseConfigurationReference = 99A4C844083BF8500C643C4D /* Pods.release.xcconfig */;
			buildSettings = {
				ASSETCATALOG_COMPILER_APPICON_NAME = AppIcon;
				ASSETCATALOG_COMPILER_LAUNCHIMAGE_NAME = BrandAsset;
				INFOPLIST_FILE = microblog/Info.plist;
				IPHONEOS_DEPLOYMENT_TARGET = 8.0;
				LD_RUNPATH_SEARCH_PATHS = "$(inherited) @executable_path/Frameworks";
				PRODUCT_BUNDLE_IDENTIFIER = "anbo0123-126.com.microblog";
				PRODUCT_NAME = "$(TARGET_NAME)";
			};
			name = Release;
		};
/* End XCBuildConfiguration section */

/* Begin XCConfigurationList section */
		A25404111BDE0C63006721BC /* Build configuration list for PBXProject "microblog" */ = {
			isa = XCConfigurationList;
			buildConfigurations = (
				A25404261BDE0C63006721BC /* Debug */,
				A25404271BDE0C63006721BC /* Release */,
			);
			defaultConfigurationIsVisible = 0;
			defaultConfigurationName = Release;
		};
		A25404281BDE0C63006721BC /* Build configuration list for PBXNativeTarget "microblog" */ = {
			isa = XCConfigurationList;
			buildConfigurations = (
				A25404291BDE0C63006721BC /* Debug */,
				A254042A1BDE0C63006721BC /* Release */,
			);
			defaultConfigurationIsVisible = 0;
			defaultConfigurationName = Release;
		};
/* End XCConfigurationList section */
	};
	rootObject = A254040E1BDE0C63006721BC /* Project object */;
}
